
Microsoft Visual Studio Solution File, Format Version 12.00
# Visual Studio Version 17
VisualStudioVersion = 17.14.35821.62
MinimumVisualStudioVersion = 10.0.40219.1
Project("{FAE04EC0-301F-11D3-BF4B-00C04F79EFBC}") = "SQLiteDb", "SQLiteDb\SQLiteDb.csproj", "{E4716E7C-F749-4E4E-A5E8-C58A29EA8B40}"
EndProject
Project("{FAE04EC0-301F-11D3-BF4B-00C04F79EFBC}") = "BLL", "BLL\BLL.csproj", "{07312AD4-8C77-4DF4-8B42-71E2BA39E9A8}"
EndProject
Project("{FAE04EC0-301F-11D3-BF4B-00C04F79EFBC}") = "DBA", "DBA\DBA.csproj", "{B5BC5063-AFB0-42E4-8624-BDC90487ABDE}"
EndProject
Project("{FAE04EC0-301F-11D3-BF4B-00C04F79EFBC}") = "DAL", "DAL\DAL.csproj", "{16650469-FACC-4ED5-AA5C-977B01D7325B}"
EndProject
Project("{FAE04EC0-301F-11D3-BF4B-00C04F79EFBC}") = "DTO", "DTO\DTO.csproj", "{16C794D4-8949-480E-AF77-2848B3561965}"
EndProject
Global
	GlobalSection(SolutionConfigurationPlatforms) = preSolution
		Debug|Any CPU = Debug|Any CPU
		Release|Any CPU = Release|Any CPU
	EndGlobalSection
	GlobalSection(ProjectConfigurationPlatforms) = postSolution
		{E4716E7C-F749-4E4E-A5E8-C58A29EA8B40}.Debug|Any CPU.ActiveCfg = Debug|Any CPU
		{E4716E7C-F749-4E4E-A5E8-C58A29EA8B40}.Debug|Any CPU.Build.0 = Debug|Any CPU
		{E4716E7C-F749-4E4E-A5E8-C58A29EA8B40}.Release|Any CPU.ActiveCfg = Release|Any CPU
		{E4716E7C-F749-4E4E-A5E8-C58A29EA8B40}.Release|Any CPU.Build.0 = Release|Any CPU
		{07312AD4-8C77-4DF4-8B42-71E2BA39E9A8}.Debug|Any CPU.ActiveCfg = Debug|Any CPU
		{07312AD4-8C77-4DF4-8B42-71E2BA39E9A8}.Debug|Any CPU.Build.0 = Debug|Any CPU
		{07312AD4-8C77-4DF4-8B42-71E2BA39E9A8}.Release|Any CPU.ActiveCfg = Release|Any CPU
		{07312AD4-8C77-4DF4-8B42-71E2BA39E9A8}.Release|Any CPU.Build.0 = Release|Any CPU
		{B5BC5063-AFB0-42E4-8624-BDC90487ABDE}.Debug|Any CPU.ActiveCfg = Debug|Any CPU
		{B5BC5063-AFB0-42E4-8624-BDC90487ABDE}.Debug|Any CPU.Build.0 = Debug|Any CPU
		{B5BC5063-AFB0-42E4-8624-BDC90487ABDE}.Release|Any CPU.ActiveCfg = Release|Any CPU
		{B5BC5063-AFB0-42E4-8624-BDC90487ABDE}.Release|Any CPU.Build.0 = Release|Any CPU
		{16650469-FACC-4ED5-AA5C-977B01D7325B}.Debug|Any CPU.ActiveCfg = Debug|Any CPU
		{16650469-FACC-4ED5-AA5C-977B01D7325B}.Debug|Any CPU.Build.0 = Debug|Any CPU
		{16650469-FACC-4ED5-AA5C-977B01D7325B}.Release|Any CPU.ActiveCfg = Release|Any CPU
		{16650469-FACC-4ED5-AA5C-977B01D7325B}.Release|Any CPU.Build.0 = Release|Any CPU
		{16C794D4-8949-480E-AF77-2848B3561965}.Debug|Any CPU.ActiveCfg = Debug|Any CPU
		{16C794D4-8949-480E-AF77-2848B3561965}.Debug|Any CPU.Build.0 = Debug|Any CPU
		{16C794D4-8949-480E-AF77-2848B3561965}.Release|Any CPU.ActiveCfg = Release|Any CPU
		{16C794D4-8949-480E-AF77-2848B3561965}.Release|Any CPU.Build.0 = Release|Any CPU
	EndGlobalSection
	GlobalSection(SolutionProperties) = preSolution
		HideSolutionNode = FALSE
	EndGlobalSection
	GlobalSection(ExtensibilityGlobals) = postSolution
		SolutionGuid = {CAD83E5C-258B-42A4-AD1B-F696E5027867}
	EndGlobalSection
EndGlobal
